
Microsoft Visual Studio Solution File, Format Version 12.00
# Visual Studio 15
VisualStudioVersion = 15.0.27004.2005
MinimumVisualStudioVersion = 10.0.40219.1
Project("{FAE04EC0-301F-11D3-BF4B-00C04F79EFBC}") = "Devablo.Prototypes.Amazon.SQS.Publisher", "Devablo.Prototypes.Amazon.SQS.Publisher\Devablo.Prototypes.Amazon.SQS.Publisher.csproj", "{A7B3C142-D979-4B80-9E7A-9812F593B8C6}"
EndProject
Project("{9A19103F-16F7-4668-BE54-9A1E7A4F7556}") = "Devablo.Prototypes.Amazon.SQS.Receiver", "Devablo.Prototypes.Amazon.SQS.Receiver\Devablo.Prototypes.Amazon.SQS.Receiver.csproj", "{AF0E45ED-2A71-47FD-BAB4-A92E1688BA2A}"
EndProject
Project("{FAE04EC0-301F-11D3-BF4B-00C04F79EFBC}") = "Devablo.Prototypes.Amazon.SQS.Core", "Devablo.Prototypes.Amazon.SQS.Core\Devablo.Prototypes.Amazon.SQS.Core.csproj", "{0D3C0A1E-2529-42D7-9E76-DFF7C0FA88AB}"
EndProject
Global
	GlobalSection(SolutionConfigurationPlatforms) = preSolution
		Debug|Any CPU = Debug|Any CPU
		Release|Any CPU = Release|Any CPU
	EndGlobalSection
	GlobalSection(ProjectConfigurationPlatforms) = postSolution
		{A7B3C142-D979-4B80-9E7A-9812F593B8C6}.Debug|Any CPU.ActiveCfg = Debug|Any CPU
		{A7B3C142-D979-4B80-9E7A-9812F593B8C6}.Debug|Any CPU.Build.0 = Debug|Any CPU
		{A7B3C142-D979-4B80-9E7A-9812F593B8C6}.Release|Any CPU.ActiveCfg = Release|Any CPU
		{A7B3C142-D979-4B80-9E7A-9812F593B8C6}.Release|Any CPU.Build.0 = Release|Any CPU
		{AF0E45ED-2A71-47FD-BAB4-A92E1688BA2A}.Debug|Any CPU.ActiveCfg = Debug|Any CPU
		{AF0E45ED-2A71-47FD-BAB4-A92E1688BA2A}.Debug|Any CPU.Build.0 = Debug|Any CPU
		{AF0E45ED-2A71-47FD-BAB4-A92E1688BA2A}.Release|Any CPU.ActiveCfg = Release|Any CPU
		{AF0E45ED-2A71-47FD-BAB4-A92E1688BA2A}.Release|Any CPU.Build.0 = Release|Any CPU
		{0D3C0A1E-2529-42D7-9E76-DFF7C0FA88AB}.Debug|Any CPU.ActiveCfg = Debug|Any CPU
		{0D3C0A1E-2529-42D7-9E76-DFF7C0FA88AB}.Debug|Any CPU.Build.0 = Debug|Any CPU
		{0D3C0A1E-2529-42D7-9E76-DFF7C0FA88AB}.Release|Any CPU.ActiveCfg = Release|Any CPU
		{0D3C0A1E-2529-42D7-9E76-DFF7C0FA88AB}.Release|Any CPU.Build.0 = Release|Any CPU
	EndGlobalSection
	GlobalSection(SolutionProperties) = preSolution
		HideSolutionNode = FALSE
	EndGlobalSection
	GlobalSection(ExtensibilityGlobals) = postSolution
		SolutionGuid = {E512F028-1EF1-4B7A-9410-94E668AF3FC1}
	EndGlobalSection
EndGlobal
